
Microsoft Visual Studio Solution File, Format Version 12.00
# Visual Studio Version 16
VisualStudioVersion = 16.0.29806.167
MinimumVisualStudioVersion = 10.0.40219.1
Project("{FAE04EC0-301F-11D3-BF4B-00C04F79EFBC}") = "mySocialNetwork", "mySocialNetwork\mySocialNetwork.csproj", "{1AABBE8E-1E70-4953-A42A-96180D9A5978}"
EndProject
Global
	GlobalSection(SolutionConfigurationPlatforms) = preSolution
		Debug|Any CPU = Debug|Any CPU
		Release|Any CPU = Release|Any CPU
	EndGlobalSection
	GlobalSection(ProjectConfigurationPlatforms) = postSolution
		{1AABBE8E-1E70-4953-A42A-96180D9A5978}.Debug|Any CPU.ActiveCfg = Debug|Any CPU
		{1AABBE8E-1E70-4953-A42A-96180D9A5978}.Debug|Any CPU.Build.0 = Debug|Any CPU
		{1AABBE8E-1E70-4953-A42A-96180D9A5978}.Release|Any CPU.ActiveCfg = Release|Any CPU
		{1AABBE8E-1E70-4953-A42A-96180D9A5978}.Release|Any CPU.Build.0 = Release|Any CPU
	EndGlobalSection
	GlobalSection(SolutionProperties) = preSolution
		HideSolutionNode = FALSE
	EndGlobalSection
	GlobalSection(ExtensibilityGlobals) = postSolution
		SolutionGuid = {C0F253AA-153A-4234-882D-5BCA92334F37}
	EndGlobalSection
EndGlobal
